// !$*UTF8*$!
{
	archiveVersion = 1;
	classes = {
	};
	objectVersion = 46;
	objects = {

/* Begin PBXBuildFile section */
		0F95B5E517F46B30002E0559 /* Foundation.framework in Frameworks */ = {isa = PBXBuildFile; fileRef = 0F95B5E417F46B30002E0559 /* Foundation.framework */; };
		0F95B5E717F46B30002E0559 /* CoreGraphics.framework in Frameworks */ = {isa = PBXBuildFile; fileRef = 0F95B5E617F46B30002E0559 /* CoreGraphics.framework */; };
		0F95B5E917F46B30002E0559 /* UIKit.framework in Frameworks */ = {isa = PBXBuildFile; fileRef = 0F95B5E817F46B30002E0559 /* UIKit.framework */; };
		0F95B5EF17F46B30002E0559 /* InfoPlist.strings in Resources */ = {isa = PBXBuildFile; fileRef = 0F95B5ED17F46B30002E0559 /* InfoPlist.strings */; };
		0F95B5F117F46B30002E0559 /* main.m in Sources */ = {isa = PBXBuildFile; fileRef = 0F95B5F017F46B30002E0559 /* main.m */; };
		0F95B5F517F46B30002E0559 /* AppDelegate.m in Sources */ = {isa = PBXBuildFile; fileRef = 0F95B5F417F46B30002E0559 /* AppDelegate.m */; };
		0F95B5F817F46B30002E0559 /* Main.storyboard in Resources */ = {isa = PBXBuildFile; fileRef = 0F95B5F617F46B30002E0559 /* Main.storyboard */; };
		0F95B5FB17F46B30002E0559 /* MPMainViewController.m in Sources */ = {isa = PBXBuildFile; fileRef = 0F95B5FA17F46B30002E0559 /* MPMainViewController.m */; };
		0F95B5FD17F46B30002E0559 /* Images.xcassets in Resources */ = {isa = PBXBuildFile; fileRef = 0F95B5FC17F46B30002E0559 /* Images.xcassets */; };
		0F95B60417F46B30002E0559 /* XCTest.framework in Frameworks */ = {isa = PBXBuildFile; fileRef = 0F95B60317F46B30002E0559 /* XCTest.framework */; };
		0F95B60517F46B30002E0559 /* Foundation.framework in Frameworks */ = {isa = PBXBuildFile; fileRef = 0F95B5E417F46B30002E0559 /* Foundation.framework */; };
		0F95B60617F46B30002E0559 /* UIKit.framework in Frameworks */ = {isa = PBXBuildFile; fileRef = 0F95B5E817F46B30002E0559 /* UIKit.framework */; };
		0F95B60E17F46B30002E0559 /* InfoPlist.strings in Resources */ = {isa = PBXBuildFile; fileRef = 0F95B60C17F46B30002E0559 /* InfoPlist.strings */; };
		0F95B61017F46B30002E0559 /* HelloMusicPlayerTests.m in Sources */ = {isa = PBXBuildFile; fileRef = 0F95B60F17F46B30002E0559 /* HelloMusicPlayerTests.m */; };
		0F95B61A17F46B68002E0559 /* MediaPlayer.framework in Frameworks */ = {isa = PBXBuildFile; fileRef = 0F95B61917F46B68002E0559 /* MediaPlayer.framework */; };
		0F95B61D17F71F25002E0559 /* MPAlbumViewController.m in Sources */ = {isa = PBXBuildFile; fileRef = 0F95B61C17F71F25002E0559 /* MPAlbumViewController.m */; };
		0F95B62017F730E4002E0559 /* MPAlbumSongViewController.m in Sources */ = {isa = PBXBuildFile; fileRef = 0F95B61F17F730E4002E0559 /* MPAlbumSongViewController.m */; };
		0F95B62317F732BE002E0559 /* Singleton.m in Sources */ = {isa = PBXBuildFile; fileRef = 0F95B62217F732BE002E0559 /* Singleton.m */; };
		0F95B62A17F88581002E0559 /* PlayerViewController.m in Sources */ = {isa = PBXBuildFile; fileRef = 0F95B62817F88581002E0559 /* PlayerViewController.m */; };
		0F95B62B17F88581002E0559 /* PlayerViewController.xib in Resources */ = {isa = PBXBuildFile; fileRef = 0F95B62917F88581002E0559 /* PlayerViewController.xib */; };
		0F95B63417FDBF5C002E0559 /* colorArt.m in Sources */ = {isa = PBXBuildFile; fileRef = 0F95B63317FDBF5C002E0559 /* colorArt.m */; };
		0F95B63617FDCE17002E0559 /* QuartzCore.framework in Frameworks */ = {isa = PBXBuildFile; fileRef = 0F95B63517FDCE17002E0559 /* QuartzCore.framework */; };
		0FAE5CAB1808FAF40019BB38 /* LEColorPicker.m in Sources */ = {isa = PBXBuildFile; fileRef = 0FAE5CA81808FAF40019BB38 /* LEColorPicker.m */; };
		0FAE5CAC1808FAF40019BB38 /* UIColor+YUVSpace.m in Sources */ = {isa = PBXBuildFile; fileRef = 0FAE5CAA1808FAF40019BB38 /* UIColor+YUVSpace.m */; };
		0FAF6AAD180D60F1007E3BD5 /* Accelerate.framework in Frameworks */ = {isa = PBXBuildFile; fileRef = 0FAF6AAC180D60F1007E3BD5 /* Accelerate.framework */; };
		0FAF6AB3180D63CD007E3BD5 /* AssetsLibrary.framework in Frameworks */ = {isa = PBXBuildFile; fileRef = 0FAF6AB2180D63CD007E3BD5 /* AssetsLibrary.framework */; };
		0FAF6AB5180D63D9007E3BD5 /* ImageIO.framework in Frameworks */ = {isa = PBXBuildFile; fileRef = 0FAF6AB4180D63D9007E3BD5 /* ImageIO.framework */; };
		0FAF6AB7180D63E9007E3BD5 /* MobileCoreServices.framework in Frameworks */ = {isa = PBXBuildFile; fileRef = 0FAF6AB6180D63E9007E3BD5 /* MobileCoreServices.framework */; };
		0FAF6AB9180D63F6007E3BD5 /* CoreImage.framework in Frameworks */ = {isa = PBXBuildFile; fileRef = 0FAF6AB8180D63F6007E3BD5 /* CoreImage.framework */; };
		0FAF6B01180D68AE007E3BD5 /* DRNRealTimeBlurView.m in Sources */ = {isa = PBXBuildFile; fileRef = 0FAF6AFE180D68AE007E3BD5 /* DRNRealTimeBlurView.m */; };
		0FAF6B02180D68AE007E3BD5 /* UIImage+BoxBlur.m in Sources */ = {isa = PBXBuildFile; fileRef = 0FAF6B00180D68AE007E3BD5 /* UIImage+BoxBlur.m */; };
		0FAF6B0A180EB31A007E3BD5 /* MainView_playBtn.png in Resources */ = {isa = PBXBuildFile; fileRef = 0FAF6B08180EB31A007E3BD5 /* MainView_playBtn.png */; };
		0FAF6B10180EB786007E3BD5 /* MainView_ALBtn.png in Resources */ = {isa = PBXBuildFile; fileRef = 0FAF6B0C180EB786007E3BD5 /* MainView_ALBtn.png */; };
		0FAF6B11180EB786007E3BD5 /* MainView_nextBtn.png in Resources */ = {isa = PBXBuildFile; fileRef = 0FAF6B0D180EB786007E3BD5 /* MainView_nextBtn.png */; };
		0FAF6B12180EB786007E3BD5 /* MainView_NPBtn.png in Resources */ = {isa = PBXBuildFile; fileRef = 0FAF6B0E180EB786007E3BD5 /* MainView_NPBtn.png */; };
		0FAF6B13180EB786007E3BD5 /* MainView_prevBtn.png in Resources */ = {isa = PBXBuildFile; fileRef = 0FAF6B0F180EB786007E3BD5 /* MainView_prevBtn.png */; };
		0FAF6B15180EC2A9007E3BD5 /* MainView_stopBtn.png in Resources */ = {isa = PBXBuildFile; fileRef = 0FAF6B14180EC2A9007E3BD5 /* MainView_stopBtn.png */; };
		0FAF6B1818102EC3007E3BD5 /* MPArtistListViewController.m in Sources */ = {isa = PBXBuildFile; fileRef = 0FAF6B1718102EC3007E3BD5 /* MPArtistListViewController.m */; };
		0FAF6B1C181123AE007E3BD5 /* CommonNavigationController.m in Sources */ = {isa = PBXBuildFile; fileRef = 0FAF6B1B181123AE007E3BD5 /* CommonNavigationController.m */; };
		0FAF6B221813C3F8007E3BD5 /* JASidePanelController.m in Sources */ = {isa = PBXBuildFile; fileRef = 0FAF6B1F1813C3F8007E3BD5 /* JASidePanelController.m */; };
		0FAF6B231813C3F8007E3BD5 /* UIViewController+JASidePanel.m in Sources */ = {isa = PBXBuildFile; fileRef = 0FAF6B211813C3F8007E3BD5 /* UIViewController+JASidePanel.m */; };
		0FAF6B281813D2DF007E3BD5 /* clearBlackView.png in Resources */ = {isa = PBXBuildFile; fileRef = 0FAF6B271813D2DF007E3BD5 /* clearBlackView.png */; };
		0FAF6B3C1816379D007E3BD5 /* MPNowPlayingAlbumViewController.m in Sources */ = {isa = PBXBuildFile; fileRef = 0FAF6B3B1816379D007E3BD5 /* MPNowPlayingAlbumViewController.m */; };
		0FAF6B42181A33D0007E3BD5 /* MPNowPlayingViewCustomCell.m in Sources */ = {isa = PBXBuildFile; fileRef = 0FAF6B41181A33D0007E3BD5 /* MPNowPlayingViewCustomCell.m */; };
/* End PBXBuildFile section */

/* Begin PBXContainerItemProxy section */
		0F95B60717F46B30002E0559 /* PBXContainerItemProxy */ = {
			isa = PBXContainerItemProxy;
			containerPortal = 0F95B5D917F46B30002E0559 /* Project object */;
			proxyType = 1;
			remoteGlobalIDString = 0F95B5E017F46B30002E0559;
			remoteInfo = HelloMusicPlayer;
		};
/* End PBXContainerItemProxy section */

/* Begin PBXFileReference section */
		0F95B5E117F46B30002E0559 /* HelloMusicPlayer.app */ = {isa = PBXFileReference; explicitFileType = wrapper.application; includeInIndex = 0; path = HelloMusicPlayer.app; sourceTree = BUILT_PRODUCTS_DIR; };
		0F95B5E417F46B30002E0559 /* Foundation.framework */ = {isa = PBXFileReference; lastKnownFileType = wrapper.framework; name = Foundation.framework; path = System/Library/Frameworks/Foundation.framework; sourceTree = SDKROOT; };
		0F95B5E617F46B30002E0559 /* CoreGraphics.framework */ = {isa = PBXFileReference; lastKnownFileType = wrapper.framework; name = CoreGraphics.framework; path = System/Library/Frameworks/CoreGraphics.framework; sourceTree = SDKROOT; };
		0F95B5E817F46B30002E0559 /* UIKit.framework */ = {isa = PBXFileReference; lastKnownFileType = wrapper.framework; name = UIKit.framework; path = System/Library/Frameworks/UIKit.framework; sourceTree = SDKROOT; };
		0F95B5EC17F46B30002E0559 /* HelloMusicPlayer-Info.plist */ = {isa = PBXFileReference; lastKnownFileType = text.plist.xml; path = "HelloMusicPlayer-Info.plist"; sourceTree = "<group>"; };
		0F95B5EE17F46B30002E0559 /* en */ = {isa = PBXFileReference; lastKnownFileType = text.plist.strings; name = en; path = en.lproj/InfoPlist.strings; sourceTree = "<group>"; };
		0F95B5F017F46B30002E0559 /* main.m */ = {isa = PBXFileReference; lastKnownFileType = sourcecode.c.objc; path = main.m; sourceTree = "<group>"; };
		0F95B5F217F46B30002E0559 /* HelloMusicPlayer-Prefix.pch */ = {isa = PBXFileReference; lastKnownFileType = sourcecode.c.h; path = "HelloMusicPlayer-Prefix.pch"; sourceTree = "<group>"; };
		0F95B5F317F46B30002E0559 /* AppDelegate.h */ = {isa = PBXFileReference; lastKnownFileType = sourcecode.c.h; path = AppDelegate.h; sourceTree = "<group>"; };
		0F95B5F417F46B30002E0559 /* AppDelegate.m */ = {isa = PBXFileReference; lastKnownFileType = sourcecode.c.objc; path = AppDelegate.m; sourceTree = "<group>"; };
		0F95B5F717F46B30002E0559 /* Base */ = {isa = PBXFileReference; lastKnownFileType = file.storyboard; name = Base; path = Base.lproj/Main.storyboard; sourceTree = "<group>"; };
		0F95B5F917F46B30002E0559 /* MPMainViewController.h */ = {isa = PBXFileReference; lastKnownFileType = sourcecode.c.h; path = MPMainViewController.h; sourceTree = "<group>"; };
		0F95B5FA17F46B30002E0559 /* MPMainViewController.m */ = {isa = PBXFileReference; lastKnownFileType = sourcecode.c.objc; path = MPMainViewController.m; sourceTree = "<group>"; };
		0F95B5FC17F46B30002E0559 /* Images.xcassets */ = {isa = PBXFileReference; lastKnownFileType = folder.assetcatalog; path = Images.xcassets; sourceTree = "<group>"; };
		0F95B60217F46B30002E0559 /* HelloMusicPlayerTests.xctest */ = {isa = PBXFileReference; explicitFileType = wrapper.cfbundle; includeInIndex = 0; path = HelloMusicPlayerTests.xctest; sourceTree = BUILT_PRODUCTS_DIR; };
		0F95B60317F46B30002E0559 /* XCTest.framework */ = {isa = PBXFileReference; lastKnownFileType = wrapper.framework; name = XCTest.framework; path = Library/Frameworks/XCTest.framework; sourceTree = DEVELOPER_DIR; };
		0F95B60B17F46B30002E0559 /* HelloMusicPlayerTests-Info.plist */ = {isa = PBXFileReference; lastKnownFileType = text.plist.xml; path = "HelloMusicPlayerTests-Info.plist"; sourceTree = "<group>"; };
		0F95B60D17F46B30002E0559 /* en */ = {isa = PBXFileReference; lastKnownFileType = text.plist.strings; name = en; path = en.lproj/InfoPlist.strings; sourceTree = "<group>"; };
		0F95B60F17F46B30002E0559 /* HelloMusicPlayerTests.m */ = {isa = PBXFileReference; lastKnownFileType = sourcecode.c.objc; path = HelloMusicPlayerTests.m; sourceTree = "<group>"; };
		0F95B61917F46B68002E0559 /* MediaPlayer.framework */ = {isa = PBXFileReference; lastKnownFileType = wrapper.framework; name = MediaPlayer.framework; path = System/Library/Frameworks/MediaPlayer.framework; sourceTree = SDKROOT; };
		0F95B61B17F71F25002E0559 /* MPAlbumViewController.h */ = {isa = PBXFileReference; fileEncoding = 4; lastKnownFileType = sourcecode.c.h; path = MPAlbumViewController.h; sourceTree = "<group>"; };
		0F95B61C17F71F25002E0559 /* MPAlbumViewController.m */ = {isa = PBXFileReference; fileEncoding = 4; lastKnownFileType = sourcecode.c.objc; path = MPAlbumViewController.m; sourceTree = "<group>"; };
		0F95B61E17F730E4002E0559 /* MPAlbumSongViewController.h */ = {isa = PBXFileReference; fileEncoding = 4; lastKnownFileType = sourcecode.c.h; path = MPAlbumSongViewController.h; sourceTree = "<group>"; };
		0F95B61F17F730E4002E0559 /* MPAlbumSongViewController.m */ = {isa = PBXFileReference; fileEncoding = 4; lastKnownFileType = sourcecode.c.objc; path = MPAlbumSongViewController.m; sourceTree = "<group>"; };
		0F95B62117F732BE002E0559 /* Singleton.h */ = {isa = PBXFileReference; fileEncoding = 4; lastKnownFileType = sourcecode.c.h; path = Singleton.h; sourceTree = "<group>"; };
		0F95B62217F732BE002E0559 /* Singleton.m */ = {isa = PBXFileReference; fileEncoding = 4; lastKnownFileType = sourcecode.c.objc; path = Singleton.m; sourceTree = "<group>"; };
		0F95B62717F88581002E0559 /* PlayerViewController.h */ = {isa = PBXFileReference; fileEncoding = 4; lastKnownFileType = sourcecode.c.h; path = PlayerViewController.h; sourceTree = "<group>"; };
		0F95B62817F88581002E0559 /* PlayerViewController.m */ = {isa = PBXFileReference; fileEncoding = 4; lastKnownFileType = sourcecode.c.objc; path = PlayerViewController.m; sourceTree = "<group>"; };
		0F95B62917F88581002E0559 /* PlayerViewController.xib */ = {isa = PBXFileReference; fileEncoding = 4; lastKnownFileType = file.xib; path = PlayerViewController.xib; sourceTree = "<group>"; };
		0F95B63217FDBF5C002E0559 /* colorArt.h */ = {isa = PBXFileReference; fileEncoding = 4; lastKnownFileType = sourcecode.c.h; path = colorArt.h; sourceTree = "<group>"; };
		0F95B63317FDBF5C002E0559 /* colorArt.m */ = {isa = PBXFileReference; fileEncoding = 4; lastKnownFileType = sourcecode.c.objc; path = colorArt.m; sourceTree = "<group>"; };
		0F95B63517FDCE17002E0559 /* QuartzCore.framework */ = {isa = PBXFileReference; lastKnownFileType = wrapper.framework; name = QuartzCore.framework; path = System/Library/Frameworks/QuartzCore.framework; sourceTree = SDKROOT; };
		0FAE5CA71808FAF40019BB38 /* LEColorPicker.h */ = {isa = PBXFileReference; fileEncoding = 4; lastKnownFileType = sourcecode.c.h; path = LEColorPicker.h; sourceTree = "<group>"; };
		0FAE5CA81808FAF40019BB38 /* LEColorPicker.m */ = {isa = PBXFileReference; fileEncoding = 4; lastKnownFileType = sourcecode.c.objc; path = LEColorPicker.m; sourceTree = "<group>"; };
		0FAE5CA91808FAF40019BB38 /* UIColor+YUVSpace.h */ = {isa = PBXFileReference; fileEncoding = 4; lastKnownFileType = sourcecode.c.h; path = "UIColor+YUVSpace.h"; sourceTree = "<group>"; };
		0FAE5CAA1808FAF40019BB38 /* UIColor+YUVSpace.m */ = {isa = PBXFileReference; fileEncoding = 4; lastKnownFileType = sourcecode.c.objc; path = "UIColor+YUVSpace.m"; sourceTree = "<group>"; };
		0FAF6AAC180D60F1007E3BD5 /* Accelerate.framework */ = {isa = PBXFileReference; lastKnownFileType = wrapper.framework; name = Accelerate.framework; path = System/Library/Frameworks/Accelerate.framework; sourceTree = SDKROOT; };
		0FAF6AB2180D63CD007E3BD5 /* AssetsLibrary.framework */ = {isa = PBXFileReference; lastKnownFileType = wrapper.framework; name = AssetsLibrary.framework; path = System/Library/Frameworks/AssetsLibrary.framework; sourceTree = SDKROOT; };
		0FAF6AB4180D63D9007E3BD5 /* ImageIO.framework */ = {isa = PBXFileReference; lastKnownFileType = wrapper.framework; name = ImageIO.framework; path = System/Library/Frameworks/ImageIO.framework; sourceTree = SDKROOT; };
		0FAF6AB6180D63E9007E3BD5 /* MobileCoreServices.framework */ = {isa = PBXFileReference; lastKnownFileType = wrapper.framework; name = MobileCoreServices.framework; path = System/Library/Frameworks/MobileCoreServices.framework; sourceTree = SDKROOT; };
		0FAF6AB8180D63F6007E3BD5 /* CoreImage.framework */ = {isa = PBXFileReference; lastKnownFileType = wrapper.framework; name = CoreImage.framework; path = System/Library/Frameworks/CoreImage.framework; sourceTree = SDKROOT; };
		0FAF6AFD180D68AE007E3BD5 /* DRNRealTimeBlurView.h */ = {isa = PBXFileReference; fileEncoding = 4; lastKnownFileType = sourcecode.c.h; path = DRNRealTimeBlurView.h; sourceTree = "<group>"; };
		0FAF6AFE180D68AE007E3BD5 /* DRNRealTimeBlurView.m */ = {isa = PBXFileReference; fileEncoding = 4; lastKnownFileType = sourcecode.c.objc; path = DRNRealTimeBlurView.m; sourceTree = "<group>"; };
		0FAF6AFF180D68AE007E3BD5 /* UIImage+BoxBlur.h */ = {isa = PBXFileReference; fileEncoding = 4; lastKnownFileType = sourcecode.c.h; path = "UIImage+BoxBlur.h"; sourceTree = "<group>"; };
		0FAF6B00180D68AE007E3BD5 /* UIImage+BoxBlur.m */ = {isa = PBXFileReference; fileEncoding = 4; lastKnownFileType = sourcecode.c.objc; path = "UIImage+BoxBlur.m"; sourceTree = "<group>"; };
		0FAF6B08180EB31A007E3BD5 /* MainView_playBtn.png */ = {isa = PBXFileReference; lastKnownFileType = image.png; path = MainView_playBtn.png; sourceTree = "<group>"; };
		0FAF6B0C180EB786007E3BD5 /* MainView_ALBtn.png */ = {isa = PBXFileReference; lastKnownFileType = image.png; path = MainView_ALBtn.png; sourceTree = "<group>"; };
		0FAF6B0D180EB786007E3BD5 /* MainView_nextBtn.png */ = {isa = PBXFileReference; lastKnownFileType = image.png; path = MainView_nextBtn.png; sourceTree = "<group>"; };
		0FAF6B0E180EB786007E3BD5 /* MainView_NPBtn.png */ = {isa = PBXFileReference; lastKnownFileType = image.png; path = MainView_NPBtn.png; sourceTree = "<group>"; };
		0FAF6B0F180EB786007E3BD5 /* MainView_prevBtn.png */ = {isa = PBXFileReference; lastKnownFileType = image.png; path = MainView_prevBtn.png; sourceTree = "<group>"; };
		0FAF6B14180EC2A9007E3BD5 /* MainView_stopBtn.png */ = {isa = PBXFileReference; lastKnownFileType = image.png; path = MainView_stopBtn.png; sourceTree = "<group>"; };
		0FAF6B1618102EC3007E3BD5 /* MPArtistListViewController.h */ = {isa = PBXFileReference; fileEncoding = 4; lastKnownFileType = sourcecode.c.h; path = MPArtistListViewController.h; sourceTree = "<group>"; };
		0FAF6B1718102EC3007E3BD5 /* MPArtistListViewController.m */ = {isa = PBXFileReference; fileEncoding = 4; lastKnownFileType = sourcecode.c.objc; path = MPArtistListViewController.m; sourceTree = "<group>"; };
		0FAF6B1A181123AE007E3BD5 /* CommonNavigationController.h */ = {isa = PBXFileReference; fileEncoding = 4; lastKnownFileType = sourcecode.c.h; path = CommonNavigationController.h; sourceTree = "<group>"; };
		0FAF6B1B181123AE007E3BD5 /* CommonNavigationController.m */ = {isa = PBXFileReference; fileEncoding = 4; lastKnownFileType = sourcecode.c.objc; path = CommonNavigationController.m; sourceTree = "<group>"; };
		0FAF6B1E1813C3F8007E3BD5 /* JASidePanelController.h */ = {isa = PBXFileReference; fileEncoding = 4; lastKnownFileType = sourcecode.c.h; path = JASidePanelController.h; sourceTree = "<group>"; };
		0FAF6B1F1813C3F8007E3BD5 /* JASidePanelController.m */ = {isa = PBXFileReference; fileEncoding = 4; lastKnownFileType = sourcecode.c.objc; path = JASidePanelController.m; sourceTree = "<group>"; };
		0FAF6B201813C3F8007E3BD5 /* UIViewController+JASidePanel.h */ = {isa = PBXFileReference; fileEncoding = 4; lastKnownFileType = sourcecode.c.h; path = "UIViewController+JASidePanel.h"; sourceTree = "<group>"; };
		0FAF6B211813C3F8007E3BD5 /* UIViewController+JASidePanel.m */ = {isa = PBXFileReference; fileEncoding = 4; lastKnownFileType = sourcecode.c.objc; path = "UIViewController+JASidePanel.m"; sourceTree = "<group>"; };
		0FAF6B271813D2DF007E3BD5 /* clearBlackView.png */ = {isa = PBXFileReference; lastKnownFileType = image.png; path = clearBlackView.png; sourceTree = "<group>"; };
		0FAF6B3A1816379D007E3BD5 /* MPNowPlayingAlbumViewController.h */ = {isa = PBXFileReference; fileEncoding = 4; lastKnownFileType = sourcecode.c.h; path = MPNowPlayingAlbumViewController.h; sourceTree = "<group>"; };
		0FAF6B3B1816379D007E3BD5 /* MPNowPlayingAlbumViewController.m */ = {isa = PBXFileReference; fileEncoding = 4; lastKnownFileType = sourcecode.c.objc; path = MPNowPlayingAlbumViewController.m; sourceTree = "<group>"; };
		0FAF6B40181A33D0007E3BD5 /* MPNowPlayingViewCustomCell.h */ = {isa = PBXFileReference; fileEncoding = 4; lastKnownFileType = sourcecode.c.h; path = MPNowPlayingViewCustomCell.h; sourceTree = "<group>"; };
		0FAF6B41181A33D0007E3BD5 /* MPNowPlayingViewCustomCell.m */ = {isa = PBXFileReference; fileEncoding = 4; lastKnownFileType = sourcecode.c.objc; path = MPNowPlayingViewCustomCell.m; sourceTree = "<group>"; };
/* End PBXFileReference section */

/* Begin PBXFrameworksBuildPhase section */
		0F95B5DE17F46B30002E0559 /* Frameworks */ = {
			isa = PBXFrameworksBuildPhase;
			buildActionMask = 2147483647;
			files = (
				0FAF6AB9180D63F6007E3BD5 /* CoreImage.framework in Frameworks */,
				0FAF6AB7180D63E9007E3BD5 /* MobileCoreServices.framework in Frameworks */,
				0FAF6AB5180D63D9007E3BD5 /* ImageIO.framework in Frameworks */,
				0FAF6AB3180D63CD007E3BD5 /* AssetsLibrary.framework in Frameworks */,
				0FAF6AAD180D60F1007E3BD5 /* Accelerate.framework in Frameworks */,
				0F95B63617FDCE17002E0559 /* QuartzCore.framework in Frameworks */,
				0F95B61A17F46B68002E0559 /* MediaPlayer.framework in Frameworks */,
				0F95B5E717F46B30002E0559 /* CoreGraphics.framework in Frameworks */,
				0F95B5E917F46B30002E0559 /* UIKit.framework in Frameworks */,
				0F95B5E517F46B30002E0559 /* Foundation.framework in Frameworks */,
			);
			runOnlyForDeploymentPostprocessing = 0;
		};
		0F95B5FF17F46B30002E0559 /* Frameworks */ = {
			isa = PBXFrameworksBuildPhase;
			buildActionMask = 2147483647;
			files = (
				0F95B60417F46B30002E0559 /* XCTest.framework in Frameworks */,
				0F95B60617F46B30002E0559 /* UIKit.framework in Frameworks */,
				0F95B60517F46B30002E0559 /* Foundation.framework in Frameworks */,
			);
			runOnlyForDeploymentPostprocessing = 0;
		};
/* End PBXFrameworksBuildPhase section */

/* Begin PBXGroup section */
		0F95B5D817F46B30002E0559 = {
			isa = PBXGroup;
			children = (
				0F95B5EA17F46B30002E0559 /* HelloMusicPlayer */,
				0F95B60917F46B30002E0559 /* HelloMusicPlayerTests */,
				0F95B5E317F46B30002E0559 /* Frameworks */,
				0F95B5E217F46B30002E0559 /* Products */,
			);
			sourceTree = "<group>";
		};
		0F95B5E217F46B30002E0559 /* Products */ = {
			isa = PBXGroup;
			children = (
				0F95B5E117F46B30002E0559 /* HelloMusicPlayer.app */,
				0F95B60217F46B30002E0559 /* HelloMusicPlayerTests.xctest */,
			);
			name = Products;
			sourceTree = "<group>";
		};
		0F95B5E317F46B30002E0559 /* Frameworks */ = {
			isa = PBXGroup;
			children = (
				0FAF6AB8180D63F6007E3BD5 /* CoreImage.framework */,
				0FAF6AB6180D63E9007E3BD5 /* MobileCoreServices.framework */,
				0FAF6AB4180D63D9007E3BD5 /* ImageIO.framework */,
				0FAF6AB2180D63CD007E3BD5 /* AssetsLibrary.framework */,
				0FAF6AAC180D60F1007E3BD5 /* Accelerate.framework */,
				0F95B63517FDCE17002E0559 /* QuartzCore.framework */,
				0F95B61917F46B68002E0559 /* MediaPlayer.framework */,
				0F95B5E417F46B30002E0559 /* Foundation.framework */,
				0F95B5E617F46B30002E0559 /* CoreGraphics.framework */,
				0F95B5E817F46B30002E0559 /* UIKit.framework */,
				0F95B60317F46B30002E0559 /* XCTest.framework */,
			);
			name = Frameworks;
			sourceTree = "<group>";
		};
		0F95B5EA17F46B30002E0559 /* HelloMusicPlayer */ = {
			isa = PBXGroup;
			children = (
				0FAF6B1D1813C3EA007E3BD5 /* Utility */,
				0FAF6B191811236F007E3BD5 /* common */,
				0FAF6B03180EACD4007E3BD5 /* Resourse */,
				0FAF6AFC180D689B007E3BD5 /* Utility */,
				0FAF6AAB180D4CE8007E3BD5 /* oldClasses */,
				0F95B63117FDBF3B002E0559 /* classes */,
				0F95B5F317F46B30002E0559 /* AppDelegate.h */,
				0F95B5F417F46B30002E0559 /* AppDelegate.m */,
				0F95B5F617F46B30002E0559 /* Main.storyboard */,
				0F95B62917F88581002E0559 /* PlayerViewController.xib */,
				0F95B5FC17F46B30002E0559 /* Images.xcassets */,
				0F95B5EB17F46B30002E0559 /* Supporting Files */,
			);
			path = HelloMusicPlayer;
			sourceTree = "<group>";
		};
		0F95B5EB17F46B30002E0559 /* Supporting Files */ = {
			isa = PBXGroup;
			children = (
				0F95B5EC17F46B30002E0559 /* HelloMusicPlayer-Info.plist */,
				0F95B5ED17F46B30002E0559 /* InfoPlist.strings */,
				0F95B5F017F46B30002E0559 /* main.m */,
				0F95B5F217F46B30002E0559 /* HelloMusicPlayer-Prefix.pch */,
			);
			name = "Supporting Files";
			sourceTree = "<group>";
		};
		0F95B60917F46B30002E0559 /* HelloMusicPlayerTests */ = {
			isa = PBXGroup;
			children = (
				0F95B60F17F46B30002E0559 /* HelloMusicPlayerTests.m */,
				0F95B60A17F46B30002E0559 /* Supporting Files */,
			);
			path = HelloMusicPlayerTests;
			sourceTree = "<group>";
		};
		0F95B60A17F46B30002E0559 /* Supporting Files */ = {
			isa = PBXGroup;
			children = (
				0F95B60B17F46B30002E0559 /* HelloMusicPlayerTests-Info.plist */,
				0F95B60C17F46B30002E0559 /* InfoPlist.strings */,
			);
			name = "Supporting Files";
			sourceTree = "<group>";
		};
		0F95B63117FDBF3B002E0559 /* classes */ = {
			isa = PBXGroup;
			children = (
				0F95B5F917F46B30002E0559 /* MPMainViewController.h */,
				0F95B5FA17F46B30002E0559 /* MPMainViewController.m */,
				0FAF6B1618102EC3007E3BD5 /* MPArtistListViewController.h */,
				0FAF6B1718102EC3007E3BD5 /* MPArtistListViewController.m */,
				0F95B61B17F71F25002E0559 /* MPAlbumViewController.h */,
				0F95B61C17F71F25002E0559 /* MPAlbumViewController.m */,
				0F95B61E17F730E4002E0559 /* MPAlbumSongViewController.h */,
				0F95B61F17F730E4002E0559 /* MPAlbumSongViewController.m */,
				0FAF6B3A1816379D007E3BD5 /* MPNowPlayingAlbumViewController.h */,
				0FAF6B3B1816379D007E3BD5 /* MPNowPlayingAlbumViewController.m */,
				0FAF6B40181A33D0007E3BD5 /* MPNowPlayingViewCustomCell.h */,
				0FAF6B41181A33D0007E3BD5 /* MPNowPlayingViewCustomCell.m */,
			);
			name = classes;
			sourceTree = "<group>";
		};
		0FAF6AAB180D4CE8007E3BD5 /* oldClasses */ = {
			isa = PBXGroup;
			children = (
				0F95B62117F732BE002E0559 /* Singleton.h */,
				0F95B62217F732BE002E0559 /* Singleton.m */,
				0F95B62717F88581002E0559 /* PlayerViewController.h */,
				0F95B62817F88581002E0559 /* PlayerViewController.m */,
				0F95B63217FDBF5C002E0559 /* colorArt.h */,
				0F95B63317FDBF5C002E0559 /* colorArt.m */,
				0FAE5CA71808FAF40019BB38 /* LEColorPicker.h */,
				0FAE5CA81808FAF40019BB38 /* LEColorPicker.m */,
				0FAE5CA91808FAF40019BB38 /* UIColor+YUVSpace.h */,
				0FAE5CAA1808FAF40019BB38 /* UIColor+YUVSpace.m */,
			);
			name = oldClasses;
			sourceTree = "<group>";
		};
		0FAF6AFC180D689B007E3BD5 /* Utility */ = {
			isa = PBXGroup;
			children = (
				0FAF6AFD180D68AE007E3BD5 /* DRNRealTimeBlurView.h */,
				0FAF6AFE180D68AE007E3BD5 /* DRNRealTimeBlurView.m */,
				0FAF6AFF180D68AE007E3BD5 /* UIImage+BoxBlur.h */,
				0FAF6B00180D68AE007E3BD5 /* UIImage+BoxBlur.m */,
			);
			name = Utility;
			sourceTree = "<group>";
		};
		0FAF6B03180EACD4007E3BD5 /* Resourse */ = {
			isa = PBXGroup;
			children = (
				0FAF6B271813D2DF007E3BD5 /* clearBlackView.png */,
				0FAF6B0C180EB786007E3BD5 /* MainView_ALBtn.png */,
				0FAF6B0D180EB786007E3BD5 /* MainView_nextBtn.png */,
				0FAF6B0E180EB786007E3BD5 /* MainView_NPBtn.png */,
				0FAF6B0F180EB786007E3BD5 /* MainView_prevBtn.png */,
				0FAF6B08180EB31A007E3BD5 /* MainView_playBtn.png */,
				0FAF6B14180EC2A9007E3BD5 /* MainView_stopBtn.png */,
			);
			name = Resourse;
			sourceTree = "<group>";
		};
		0FAF6B191811236F007E3BD5 /* common */ = {
			isa = PBXGroup;
			children = (
				0FAF6B1A181123AE007E3BD5 /* CommonNavigationController.h */,
				0FAF6B1B181123AE007E3BD5 /* CommonNavigationController.m */,
			);
			name = common;
			sourceTree = "<group>";
		};
		0FAF6B1D1813C3EA007E3BD5 /* Utility */ = {
			isa = PBXGroup;
			children = (
				0FAF6B1E1813C3F8007E3BD5 /* JASidePanelController.h */,
				0FAF6B1F1813C3F8007E3BD5 /* JASidePanelController.m */,
				0FAF6B201813C3F8007E3BD5 /* UIViewController+JASidePanel.h */,
				0FAF6B211813C3F8007E3BD5 /* UIViewController+JASidePanel.m */,
			);
			name = Utility;
			sourceTree = "<group>";
		};
/* End PBXGroup section */

/* Begin PBXNativeTarget section */
		0F95B5E017F46B30002E0559 /* HelloMusicPlayer */ = {
			isa = PBXNativeTarget;
			buildConfigurationList = 0F95B61317F46B30002E0559 /* Build configuration list for PBXNativeTarget "HelloMusicPlayer" */;
			buildPhases = (
				0F95B5DD17F46B30002E0559 /* Sources */,
				0F95B5DE17F46B30002E0559 /* Frameworks */,
				0F95B5DF17F46B30002E0559 /* Resources */,
			);
			buildRules = (
			);
			dependencies = (
			);
			name = HelloMusicPlayer;
			productName = HelloMusicPlayer;
			productReference = 0F95B5E117F46B30002E0559 /* HelloMusicPlayer.app */;
			productType = "com.apple.product-type.application";
		};
		0F95B60117F46B30002E0559 /* HelloMusicPlayerTests */ = {
			isa = PBXNativeTarget;
			buildConfigurationList = 0F95B61617F46B30002E0559 /* Build configuration list for PBXNativeTarget "HelloMusicPlayerTests" */;
			buildPhases = (
				0F95B5FE17F46B30002E0559 /* Sources */,
				0F95B5FF17F46B30002E0559 /* Frameworks */,
				0F95B60017F46B30002E0559 /* Resources */,
			);
			buildRules = (
			);
			dependencies = (
				0F95B60817F46B30002E0559 /* PBXTargetDependency */,
			);
			name = HelloMusicPlayerTests;
			productName = HelloMusicPlayerTests;
			productReference = 0F95B60217F46B30002E0559 /* HelloMusicPlayerTests.xctest */;
			productType = "com.apple.product-type.bundle.unit-test";
		};
/* End PBXNativeTarget section */

/* Begin PBXProject section */
		0F95B5D917F46B30002E0559 /* Project object */ = {
			isa = PBXProject;
			attributes = {
				LastUpgradeCheck = 0500;
				ORGANIZATIONNAME = "古田 貴久";
				TargetAttributes = {
					0F95B60117F46B30002E0559 = {
						TestTargetID = 0F95B5E017F46B30002E0559;
					};
				};
			};
			buildConfigurationList = 0F95B5DC17F46B30002E0559 /* Build configuration list for PBXProject "HelloMusicPlayer" */;
			compatibilityVersion = "Xcode 3.2";
			developmentRegion = English;
			hasScannedForEncodings = 0;
			knownRegions = (
				en,
				Base,
			);
			mainGroup = 0F95B5D817F46B30002E0559;
			productRefGroup = 0F95B5E217F46B30002E0559 /* Products */;
			projectDirPath = "";
			projectRoot = "";
			targets = (
				0F95B5E017F46B30002E0559 /* HelloMusicPlayer */,
				0F95B60117F46B30002E0559 /* HelloMusicPlayerTests */,
			);
		};
/* End PBXProject section */

/* Begin PBXResourcesBuildPhase section */
		0F95B5DF17F46B30002E0559 /* Resources */ = {
			isa = PBXResourcesBuildPhase;
			buildActionMask = 2147483647;
			files = (
				0F95B5FD17F46B30002E0559 /* Images.xcassets in Resources */,
				0FAF6B12180EB786007E3BD5 /* MainView_NPBtn.png in Resources */,
				0F95B62B17F88581002E0559 /* PlayerViewController.xib in Resources */,
				0FAF6B15180EC2A9007E3BD5 /* MainView_stopBtn.png in Resources */,
				0FAF6B281813D2DF007E3BD5 /* clearBlackView.png in Resources */,
				0F95B5EF17F46B30002E0559 /* InfoPlist.strings in Resources */,
				0F95B5F817F46B30002E0559 /* Main.storyboard in Resources */,
				0FAF6B13180EB786007E3BD5 /* MainView_prevBtn.png in Resources */,
				0FAF6B10180EB786007E3BD5 /* MainView_ALBtn.png in Resources */,
				0FAF6B0A180EB31A007E3BD5 /* MainView_playBtn.png in Resources */,
				0FAF6B11180EB786007E3BD5 /* MainView_nextBtn.png in Resources */,
			);
			runOnlyForDeploymentPostprocessing = 0;
		};
		0F95B60017F46B30002E0559 /* Resources */ = {
			isa = PBXResourcesBuildPhase;
			buildActionMask = 2147483647;
			files = (
				0F95B60E17F46B30002E0559 /* InfoPlist.strings in Resources */,
			);
			runOnlyForDeploymentPostprocessing = 0;
		};
/* End PBXResourcesBuildPhase section */

/* Begin PBXSourcesBuildPhase section */
		0F95B5DD17F46B30002E0559 /* Sources */ = {
			isa = PBXSourcesBuildPhase;
			buildActionMask = 2147483647;
			files = (
				0FAF6B1C181123AE007E3BD5 /* CommonNavigationController.m in Sources */,
				0FAF6B231813C3F8007E3BD5 /* UIViewController+JASidePanel.m in Sources */,
				0F95B62A17F88581002E0559 /* PlayerViewController.m in Sources */,
				0F95B61D17F71F25002E0559 /* MPAlbumViewController.m in Sources */,
				0F95B62017F730E4002E0559 /* MPAlbumSongViewController.m in Sources */,
				0FAE5CAC1808FAF40019BB38 /* UIColor+YUVSpace.m in Sources */,
				0FAF6B02180D68AE007E3BD5 /* UIImage+BoxBlur.m in Sources */,
				0F95B63417FDBF5C002E0559 /* colorArt.m in Sources */,
				0F95B5FB17F46B30002E0559 /* MPMainViewController.m in Sources */,
				0FAF6B1818102EC3007E3BD5 /* MPArtistListViewController.m in Sources */,
				0FAF6B3C1816379D007E3BD5 /* MPNowPlayingAlbumViewController.m in Sources */,
				0F95B62317F732BE002E0559 /* Singleton.m in Sources */,
				0FAE5CAB1808FAF40019BB38 /* LEColorPicker.m in Sources */,
				0FAF6B221813C3F8007E3BD5 /* JASidePanelController.m in Sources */,
				0FAF6B01180D68AE007E3BD5 /* DRNRealTimeBlurView.m in Sources */,
				0F95B5F517F46B30002E0559 /* AppDelegate.m in Sources */,
				0FAF6B42181A33D0007E3BD5 /* MPNowPlayingViewCustomCell.m in Sources */,
				0F95B5F117F46B30002E0559 /* main.m in Sources */,
			);
			runOnlyForDeploymentPostprocessing = 0;
		};
		0F95B5FE17F46B30002E0559 /* Sources */ = {
			isa = PBXSourcesBuildPhase;
			buildActionMask = 2147483647;
			files = (
				0F95B61017F46B30002E0559 /* HelloMusicPlayerTests.m in Sources */,
			);
			runOnlyForDeploymentPostprocessing = 0;
		};
/* End PBXSourcesBuildPhase section */

/* Begin PBXTargetDependency section */
		0F95B60817F46B30002E0559 /* PBXTargetDependency */ = {
			isa = PBXTargetDependency;
			target = 0F95B5E017F46B30002E0559 /* HelloMusicPlayer */;
			targetProxy = 0F95B60717F46B30002E0559 /* PBXContainerItemProxy */;
		};
/* End PBXTargetDependency section */

/* Begin PBXVariantGroup section */
		0F95B5ED17F46B30002E0559 /* InfoPlist.strings */ = {
			isa = PBXVariantGroup;
			children = (
				0F95B5EE17F46B30002E0559 /* en */,
			);
			name = InfoPlist.strings;
			sourceTree = "<group>";
		};
		0F95B5F617F46B30002E0559 /* Main.storyboard */ = {
			isa = PBXVariantGroup;
			children = (
				0F95B5F717F46B30002E0559 /* Base */,
			);
			name = Main.storyboard;
			sourceTree = "<group>";
		};
		0F95B60C17F46B30002E0559 /* InfoPlist.strings */ = {
			isa = PBXVariantGroup;
			children = (
				0F95B60D17F46B30002E0559 /* en */,
			);
			name = InfoPlist.strings;
			sourceTree = "<group>";
		};
/* End PBXVariantGroup section */

/* Begin XCBuildConfiguration section */
		0F95B61117F46B30002E0559 /* Debug */ = {
			isa = XCBuildConfiguration;
			buildSettings = {
				ALWAYS_SEARCH_USER_PATHS = NO;
				ARCHS = "$(ARCHS_STANDARD_INCLUDING_64_BIT)";
				CLANG_CXX_LANGUAGE_STANDARD = "gnu++0x";
				CLANG_CXX_LIBRARY = "libc++";
				CLANG_ENABLE_MODULES = YES;
				CLANG_ENABLE_OBJC_ARC = YES;
				CLANG_WARN_BOOL_CONVERSION = YES;
				CLANG_WARN_CONSTANT_CONVERSION = YES;
				CLANG_WARN_DIRECT_OBJC_ISA_USAGE = YES_ERROR;
				CLANG_WARN_EMPTY_BODY = YES;
				CLANG_WARN_ENUM_CONVERSION = YES;
				CLANG_WARN_INT_CONVERSION = YES;
				CLANG_WARN_OBJC_ROOT_CLASS = YES_ERROR;
				CLANG_WARN__DUPLICATE_METHOD_MATCH = YES;
				"CODE_SIGN_IDENTITY[sdk=iphoneos*]" = "iPhone Developer";
				COPY_PHASE_STRIP = NO;
				GCC_C_LANGUAGE_STANDARD = gnu99;
				GCC_DYNAMIC_NO_PIC = NO;
				GCC_OPTIMIZATION_LEVEL = 0;
				GCC_PREPROCESSOR_DEFINITIONS = (
					"DEBUG=1",
					"$(inherited)",
				);
				GCC_SYMBOLS_PRIVATE_EXTERN = NO;
				GCC_WARN_64_TO_32_BIT_CONVERSION = YES;
				GCC_WARN_ABOUT_RETURN_TYPE = YES_ERROR;
				GCC_WARN_UNDECLARED_SELECTOR = YES;
				GCC_WARN_UNINITIALIZED_AUTOS = YES;
				GCC_WARN_UNUSED_FUNCTION = YES;
				GCC_WARN_UNUSED_VARIABLE = YES;
				IPHONEOS_DEPLOYMENT_TARGET = 7.0;
				ONLY_ACTIVE_ARCH = YES;
				SDKROOT = iphoneos;
			};
			name = Debug;
		};
		0F95B61217F46B30002E0559 /* Release */ = {
			isa = XCBuildConfiguration;
			buildSettings = {
				ALWAYS_SEARCH_USER_PATHS = NO;
				ARCHS = "$(ARCHS_STANDARD_INCLUDING_64_BIT)";
				CLANG_CXX_LANGUAGE_STANDARD = "gnu++0x";
				CLANG_CXX_LIBRARY = "libc++";
				CLANG_ENABLE_MODULES = YES;
				CLANG_ENABLE_OBJC_ARC = YES;
				CLANG_WARN_BOOL_CONVERSION = YES;
				CLANG_WARN_CONSTANT_CONVERSION = YES;
				CLANG_WARN_DIRECT_OBJC_ISA_USAGE = YES_ERROR;
				CLANG_WARN_EMPTY_BODY = YES;
				CLANG_WARN_ENUM_CONVERSION = YES;
				CLANG_WARN_INT_CONVERSION = YES;
				CLANG_WARN_OBJC_ROOT_CLASS = YES_ERROR;
				CLANG_WARN__DUPLICATE_METHOD_MATCH = YES;
				"CODE_SIGN_IDENTITY[sdk=iphoneos*]" = "iPhone Developer";
				COPY_PHASE_STRIP = YES;
				ENABLE_NS_ASSERTIONS = NO;
				GCC_C_LANGUAGE_STANDARD = gnu99;
				GCC_WARN_64_TO_32_BIT_CONVERSION = YES;
				GCC_WARN_ABOUT_RETURN_TYPE = YES_ERROR;
				GCC_WARN_UNDECLARED_SELECTOR = YES;
				GCC_WARN_UNINITIALIZED_AUTOS = YES;
				GCC_WARN_UNUSED_FUNCTION = YES;
				GCC_WARN_UNUSED_VARIABLE = YES;
				IPHONEOS_DEPLOYMENT_TARGET = 7.0;
				SDKROOT = iphoneos;
				VALIDATE_PRODUCT = YES;
			};
			name = Release;
		};
		0F95B61417F46B30002E0559 /* Debug */ = {
			isa = XCBuildConfiguration;
			buildSettings = {
				ASSETCATALOG_COMPILER_APPICON_NAME = AppIcon;
				ASSETCATALOG_COMPILER_LAUNCHIMAGE_NAME = LaunchImage;
				GCC_PRECOMPILE_PREFIX_HEADER = YES;
				GCC_PREFIX_HEADER = "HelloMusicPlayer/HelloMusicPlayer-Prefix.pch";
				INFOPLIST_FILE = "HelloMusicPlayer/HelloMusicPlayer-Info.plist";
				PRODUCT_NAME = "$(TARGET_NAME)";
				WRAPPER_EXTENSION = app;
			};
			name = Debug;
		};
		0F95B61517F46B30002E0559 /* Release */ = {
			isa = XCBuildConfiguration;
			buildSettings = {
				ASSETCATALOG_COMPILER_APPICON_NAME = AppIcon;
				ASSETCATALOG_COMPILER_LAUNCHIMAGE_NAME = LaunchImage;
				GCC_PRECOMPILE_PREFIX_HEADER = YES;
				GCC_PREFIX_HEADER = "HelloMusicPlayer/HelloMusicPlayer-Prefix.pch";
				INFOPLIST_FILE = "HelloMusicPlayer/HelloMusicPlayer-Info.plist";
				PRODUCT_NAME = "$(TARGET_NAME)";
				WRAPPER_EXTENSION = app;
			};
			name = Release;
		};
		0F95B61717F46B30002E0559 /* Debug */ = {
			isa = XCBuildConfiguration;
			buildSettings = {
				ARCHS = "$(ARCHS_STANDARD_INCLUDING_64_BIT)";
				BUNDLE_LOADER = "$(BUILT_PRODUCTS_DIR)/HelloMusicPlayer.app/HelloMusicPlayer";
				FRAMEWORK_SEARCH_PATHS = (
					"$(SDKROOT)/Developer/Library/Frameworks",
					"$(inherited)",
					"$(DEVELOPER_FRAMEWORKS_DIR)",
				);
				GCC_PRECOMPILE_PREFIX_HEADER = YES;
				GCC_PREFIX_HEADER = "HelloMusicPlayer/HelloMusicPlayer-Prefix.pch";
				GCC_PREPROCESSOR_DEFINITIONS = (
					"DEBUG=1",
					"$(inherited)",
				);
				INFOPLIST_FILE = "HelloMusicPlayerTests/HelloMusicPlayerTests-Info.plist";
				PRODUCT_NAME = "$(TARGET_NAME)";
				TEST_HOST = "$(BUNDLE_LOADER)";
				WRAPPER_EXTENSION = xctest;
			};
			name = Debug;
		};
		0F95B61817F46B30002E0559 /* Release */ = {
			isa = XCBuildConfiguration;
			buildSettings = {
				ARCHS = "$(ARCHS_STANDARD_INCLUDING_64_BIT)";
				BUNDLE_LOADER = "$(BUILT_PRODUCTS_DIR)/HelloMusicPlayer.app/HelloMusicPlayer";
				FRAMEWORK_SEARCH_PATHS = (
					"$(SDKROOT)/Developer/Library/Frameworks",
					"$(inherited)",
					"$(DEVELOPER_FRAMEWORKS_DIR)",
				);
				GCC_PRECOMPILE_PREFIX_HEADER = YES;
				GCC_PREFIX_HEADER = "HelloMusicPlayer/HelloMusicPlayer-Prefix.pch";
				INFOPLIST_FILE = "HelloMusicPlayerTests/HelloMusicPlayerTests-Info.plist";
				PRODUCT_NAME = "$(TARGET_NAME)";
				TEST_HOST = "$(BUNDLE_LOADER)";
				WRAPPER_EXTENSION = xctest;
			};
			name = Release;
		};
/* End XCBuildConfiguration section */

/* Begin XCConfigurationList section */
		0F95B5DC17F46B30002E0559 /* Build configuration list for PBXProject "HelloMusicPlayer" */ = {
			isa = XCConfigurationList;
			buildConfigurations = (
				0F95B61117F46B30002E0559 /* Debug */,
				0F95B61217F46B30002E0559 /* Release */,
			);
			defaultConfigurationIsVisible = 0;
			defaultConfigurationName = Release;
		};
		0F95B61317F46B30002E0559 /* Build configuration list for PBXNativeTarget "HelloMusicPlayer" */ = {
			isa = XCConfigurationList;
			buildConfigurations = (
				0F95B61417F46B30002E0559 /* Debug */,
				0F95B61517F46B30002E0559 /* Release */,
			);
			defaultConfigurationIsVisible = 0;
			defaultConfigurationName = Release;
		};
		0F95B61617F46B30002E0559 /* Build configuration list for PBXNativeTarget "HelloMusicPlayerTests" */ = {
			isa = XCConfigurationList;
			buildConfigurations = (
				0F95B61717F46B30002E0559 /* Debug */,
				0F95B61817F46B30002E0559 /* Release */,
			);
			defaultConfigurationIsVisible = 0;
			defaultConfigurationName = Release;
		};
/* End XCConfigurationList section */
	};
	rootObject = 0F95B5D917F46B30002E0559 /* Project object */;
}
